
Microsoft Visual Studio Solution File, Format Version 12.00
# Visual Studio 15
VisualStudioVersion = 15.0.27130.2036
MinimumVisualStudioVersion = 10.0.40219.1
Project("{FAE04EC0-301F-11D3-BF4B-00C04F79EFBC}") = "TinyTypesObjects", "TinyTypesObjects\TinyTypesObjects.csproj", "{F71EB9DE-C280-441B-AB84-7860189EBBF7}"
EndProject
Project("{FAE04EC0-301F-11D3-BF4B-00C04F79EFBC}") = "TinyTypesTest", "TinyTypesTest\TinyTypesTest.csproj", "{96EA3606-3D37-4D7F-80D2-9C8FF1B61535}"
EndProject
Global
	GlobalSection(SolutionConfigurationPlatforms) = preSolution
		Debug|Any CPU = Debug|Any CPU
		Release|Any CPU = Release|Any CPU
	EndGlobalSection
	GlobalSection(ProjectConfigurationPlatforms) = postSolution
		{F71EB9DE-C280-441B-AB84-7860189EBBF7}.Debug|Any CPU.ActiveCfg = Debug|Any CPU
		{F71EB9DE-C280-441B-AB84-7860189EBBF7}.Debug|Any CPU.Build.0 = Debug|Any CPU
		{F71EB9DE-C280-441B-AB84-7860189EBBF7}.Release|Any CPU.ActiveCfg = Release|Any CPU
		{F71EB9DE-C280-441B-AB84-7860189EBBF7}.Release|Any CPU.Build.0 = Release|Any CPU
		{96EA3606-3D37-4D7F-80D2-9C8FF1B61535}.Debug|Any CPU.ActiveCfg = Debug|Any CPU
		{96EA3606-3D37-4D7F-80D2-9C8FF1B61535}.Debug|Any CPU.Build.0 = Debug|Any CPU
		{96EA3606-3D37-4D7F-80D2-9C8FF1B61535}.Release|Any CPU.ActiveCfg = Release|Any CPU
		{96EA3606-3D37-4D7F-80D2-9C8FF1B61535}.Release|Any CPU.Build.0 = Release|Any CPU
	EndGlobalSection
	GlobalSection(SolutionProperties) = preSolution
		HideSolutionNode = FALSE
	EndGlobalSection
	GlobalSection(ExtensibilityGlobals) = postSolution
		SolutionGuid = {271BDB6A-FF69-4603-A706-DB85B52968DC}
	EndGlobalSection
EndGlobal
